// !$*UTF8*$!
{
	archiveVersion = 1;
	classes = {
	};
	objectVersion = 46;
	objects = {

/* Begin PBXBuildFile section */
		8B043DFDE23873FCDE933F96 /* libPods.a in Frameworks */ = {isa = PBXBuildFile; fileRef = C69888D6E8775C00FCF3D7C6 /* libPods.a */; };
		A0BBCE891C3275D500CEE09D /* MasonryLearnController.m in Sources */ = {isa = PBXBuildFile; fileRef = A0BBCE881C3275D500CEE09D /* MasonryLearnController.m */; };
		A0BBCE8D1C32806700CEE09D /* UIView+Masonry_CX.m in Sources */ = {isa = PBXBuildFile; fileRef = A0BBCE8C1C32806700CEE09D /* UIView+Masonry_CX.m */; };
		A0D2DF761C2BAA7B00D42550 /* main.m in Sources */ = {isa = PBXBuildFile; fileRef = A0D2DF751C2BAA7B00D42550 /* main.m */; };
		A0D2DF791C2BAA7C00D42550 /* AppDelegate.m in Sources */ = {isa = PBXBuildFile; fileRef = A0D2DF781C2BAA7C00D42550 /* AppDelegate.m */; };
		A0D2DF7C1C2BAA7D00D42550 /* ViewController.m in Sources */ = {isa = PBXBuildFile; fileRef = A0D2DF7B1C2BAA7D00D42550 /* ViewController.m */; };
		A0D2DF7F1C2BAA7F00D42550 /* Main.storyboard in Resources */ = {isa = PBXBuildFile; fileRef = A0D2DF7D1C2BAA7F00D42550 /* Main.storyboard */; };
		A0D2DF811C2BAA8000D42550 /* Assets.xcassets in Resources */ = {isa = PBXBuildFile; fileRef = A0D2DF801C2BAA8000D42550 /* Assets.xcassets */; };
		A0D2DF841C2BAA8100D42550 /* LaunchScreen.storyboard in Resources */ = {isa = PBXBuildFile; fileRef = A0D2DF821C2BAA8100D42550 /* LaunchScreen.storyboard */; };
		A0D2DF8F1C2BAA8600D42550 /* MasonryWithScrollviewTests.m in Sources */ = {isa = PBXBuildFile; fileRef = A0D2DF8E1C2BAA8600D42550 /* MasonryWithScrollviewTests.m */; };
		A0D2DF9A1C2BAA8800D42550 /* MasonryWithScrollviewUITests.m in Sources */ = {isa = PBXBuildFile; fileRef = A0D2DF991C2BAA8800D42550 /* MasonryWithScrollviewUITests.m */; };
/* End PBXBuildFile section */

/* Begin PBXContainerItemProxy section */
		A0D2DF8B1C2BAA8500D42550 /* PBXContainerItemProxy */ = {
			isa = PBXContainerItemProxy;
			containerPortal = A0D2DF691C2BAA7A00D42550 /* Project object */;
			proxyType = 1;
			remoteGlobalIDString = A0D2DF701C2BAA7A00D42550;
			remoteInfo = MasonryWithScrollview;
		};
		A0D2DF961C2BAA8700D42550 /* PBXContainerItemProxy */ = {
			isa = PBXContainerItemProxy;
			containerPortal = A0D2DF691C2BAA7A00D42550 /* Project object */;
			proxyType = 1;
			remoteGlobalIDString = A0D2DF701C2BAA7A00D42550;
			remoteInfo = MasonryWithScrollview;
		};
/* End PBXContainerItemProxy section */

/* Begin PBXFileReference section */
		7AE3C5DDB97D1EC235811C74 /* Pods.release.xcconfig */ = {isa = PBXFileReference; includeInIndex = 1; lastKnownFileType = text.xcconfig; name = Pods.release.xcconfig; path = "Pods/Target Support Files/Pods/Pods.release.xcconfig"; sourceTree = "<group>"; };
		862CC0C6EC6370A986297B7D /* Pods.debug.xcconfig */ = {isa = PBXFileReference; includeInIndex = 1; lastKnownFileType = text.xcconfig; name = Pods.debug.xcconfig; path = "Pods/Target Support Files/Pods/Pods.debug.xcconfig"; sourceTree = "<group>"; };
		A0BBCE871C3275D500CEE09D /* MasonryLearnController.h */ = {isa = PBXFileReference; fileEncoding = 4; lastKnownFileType = sourcecode.c.h; path = MasonryLearnController.h; sourceTree = "<group>"; };
		A0BBCE881C3275D500CEE09D /* MasonryLearnController.m */ = {isa = PBXFileReference; fileEncoding = 4; lastKnownFileType = sourcecode.c.objc; path = MasonryLearnController.m; sourceTree = "<group>"; };
		A0BBCE8B1C32806700CEE09D /* UIView+Masonry_CX.h */ = {isa = PBXFileReference; fileEncoding = 4; lastKnownFileType = sourcecode.c.h; path = "UIView+Masonry_CX.h"; sourceTree = "<group>"; };
		A0BBCE8C1C32806700CEE09D /* UIView+Masonry_CX.m */ = {isa = PBXFileReference; fileEncoding = 4; lastKnownFileType = sourcecode.c.objc; path = "UIView+Masonry_CX.m"; sourceTree = "<group>"; };
		A0D2DF711C2BAA7A00D42550 /* MasonryWithScrollview.app */ = {isa = PBXFileReference; explicitFileType = wrapper.application; includeInIndex = 0; path = MasonryWithScrollview.app; sourceTree = BUILT_PRODUCTS_DIR; };
		A0D2DF751C2BAA7B00D42550 /* main.m */ = {isa = PBXFileReference; lastKnownFileType = sourcecode.c.objc; path = main.m; sourceTree = "<group>"; };
		A0D2DF771C2BAA7B00D42550 /* AppDelegate.h */ = {isa = PBXFileReference; lastKnownFileType = sourcecode.c.h; path = AppDelegate.h; sourceTree = "<group>"; };
		A0D2DF781C2BAA7C00D42550 /* AppDelegate.m */ = {isa = PBXFileReference; lastKnownFileType = sourcecode.c.objc; path = AppDelegate.m; sourceTree = "<group>"; };
		A0D2DF7A1C2BAA7C00D42550 /* ViewController.h */ = {isa = PBXFileReference; lastKnownFileType = sourcecode.c.h; path = ViewController.h; sourceTree = "<group>"; };
		A0D2DF7B1C2BAA7D00D42550 /* ViewController.m */ = {isa = PBXFileReference; lastKnownFileType = sourcecode.c.objc; path = ViewController.m; sourceTree = "<group>"; };
		A0D2DF7E1C2BAA7F00D42550 /* Base */ = {isa = PBXFileReference; lastKnownFileType = file.storyboard; name = Base; path = Base.lproj/Main.storyboard; sourceTree = "<group>"; };
		A0D2DF801C2BAA8000D42550 /* Assets.xcassets */ = {isa = PBXFileReference; lastKnownFileType = folder.assetcatalog; path = Assets.xcassets; sourceTree = "<group>"; };
		A0D2DF831C2BAA8100D42550 /* Base */ = {isa = PBXFileReference; lastKnownFileType = file.storyboard; name = Base; path = Base.lproj/LaunchScreen.storyboard; sourceTree = "<group>"; };
		A0D2DF851C2BAA8200D42550 /* Info.plist */ = {isa = PBXFileReference; lastKnownFileType = text.plist.xml; path = Info.plist; sourceTree = "<group>"; };
		A0D2DF8A1C2BAA8500D42550 /* MasonryWithScrollviewTests.xctest */ = {isa = PBXFileReference; explicitFileType = wrapper.cfbundle; includeInIndex = 0; path = MasonryWithScrollviewTests.xctest; sourceTree = BUILT_PRODUCTS_DIR; };
		A0D2DF8E1C2BAA8600D42550 /* MasonryWithScrollviewTests.m */ = {isa = PBXFileReference; lastKnownFileType = sourcecode.c.objc; path = MasonryWithScrollviewTests.m; sourceTree = "<group>"; };
		A0D2DF901C2BAA8700D42550 /* Info.plist */ = {isa = PBXFileReference; lastKnownFileType = text.plist.xml; path = Info.plist; sourceTree = "<group>"; };
		A0D2DF951C2BAA8700D42550 /* MasonryWithScrollviewUITests.xctest */ = {isa = PBXFileReference; explicitFileType = wrapper.cfbundle; includeInIndex = 0; path = MasonryWithScrollviewUITests.xctest; sourceTree = BUILT_PRODUCTS_DIR; };
		A0D2DF991C2BAA8800D42550 /* MasonryWithScrollviewUITests.m */ = {isa = PBXFileReference; lastKnownFileType = sourcecode.c.objc; path = MasonryWithScrollviewUITests.m; sourceTree = "<group>"; };
		A0D2DF9B1C2BAA8800D42550 /* Info.plist */ = {isa = PBXFileReference; lastKnownFileType = text.plist.xml; path = Info.plist; sourceTree = "<group>"; };
		C69888D6E8775C00FCF3D7C6 /* libPods.a */ = {isa = PBXFileReference; explicitFileType = archive.ar; includeInIndex = 0; path = libPods.a; sourceTree = BUILT_PRODUCTS_DIR; };
/* End PBXFileReference section */

/* Begin PBXFrameworksBuildPhase section */
		A0D2DF6E1C2BAA7A00D42550 /* Frameworks */ = {
			isa = PBXFrameworksBuildPhase;
			buildActionMask = 2147483647;
			files = (
				8B043DFDE23873FCDE933F96 /* libPods.a in Frameworks */,
			);
			runOnlyForDeploymentPostprocessing = 0;
		};
		A0D2DF871C2BAA8500D42550 /* Frameworks */ = {
			isa = PBXFrameworksBuildPhase;
			buildActionMask = 2147483647;
			files = (
			);
			runOnlyForDeploymentPostprocessing = 0;
		};
		A0D2DF921C2BAA8700D42550 /* Frameworks */ = {
			isa = PBXFrameworksBuildPhase;
			buildActionMask = 2147483647;
			files = (
			);
			runOnlyForDeploymentPostprocessing = 0;
		};
/* End PBXFrameworksBuildPhase section */

/* Begin PBXGroup section */
		68345A1BEADF6471FDBB5B82 /* Frameworks */ = {
			isa = PBXGroup;
			children = (
				C69888D6E8775C00FCF3D7C6 /* libPods.a */,
			);
			name = Frameworks;
			sourceTree = "<group>";
		};
		A0BBCE8A1C32803F00CEE09D /* Category */ = {
			isa = PBXGroup;
			children = (
				A0BBCE8B1C32806700CEE09D /* UIView+Masonry_CX.h */,
				A0BBCE8C1C32806700CEE09D /* UIView+Masonry_CX.m */,
			);
			path = Category;
			sourceTree = "<group>";
		};
		A0D2DF681C2BAA7A00D42550 = {
			isa = PBXGroup;
			children = (
				A0D2DF731C2BAA7A00D42550 /* MasonryWithScrollview */,
				A0D2DF8D1C2BAA8600D42550 /* MasonryWithScrollviewTests */,
				A0D2DF981C2BAA8800D42550 /* MasonryWithScrollviewUITests */,
				A0D2DF721C2BAA7A00D42550 /* Products */,
				CBA90BDEBD5AD8DDFAE86E16 /* Pods */,
				68345A1BEADF6471FDBB5B82 /* Frameworks */,
			);
			sourceTree = "<group>";
		};
		A0D2DF721C2BAA7A00D42550 /* Products */ = {
			isa = PBXGroup;
			children = (
				A0D2DF711C2BAA7A00D42550 /* MasonryWithScrollview.app */,
				A0D2DF8A1C2BAA8500D42550 /* MasonryWithScrollviewTests.xctest */,
				A0D2DF951C2BAA8700D42550 /* MasonryWithScrollviewUITests.xctest */,
			);
			name = Products;
			sourceTree = "<group>";
		};
		A0D2DF731C2BAA7A00D42550 /* MasonryWithScrollview */ = {
			isa = PBXGroup;
			children = (
				A0BBCE8A1C32803F00CEE09D /* Category */,
				A0D2DF771C2BAA7B00D42550 /* AppDelegate.h */,
				A0D2DF781C2BAA7C00D42550 /* AppDelegate.m */,
				A0D2DF7A1C2BAA7C00D42550 /* ViewController.h */,
				A0D2DF7B1C2BAA7D00D42550 /* ViewController.m */,
				A0BBCE871C3275D500CEE09D /* MasonryLearnController.h */,
				A0BBCE881C3275D500CEE09D /* MasonryLearnController.m */,
				A0D2DF7D1C2BAA7F00D42550 /* Main.storyboard */,
				A0D2DF801C2BAA8000D42550 /* Assets.xcassets */,
				A0D2DF821C2BAA8100D42550 /* LaunchScreen.storyboard */,
				A0D2DF851C2BAA8200D42550 /* Info.plist */,
				A0D2DF741C2BAA7B00D42550 /* Supporting Files */,
			);
			path = MasonryWithScrollview;
			sourceTree = "<group>";
		};
		A0D2DF741C2BAA7B00D42550 /* Supporting Files */ = {
			isa = PBXGroup;
			children = (
				A0D2DF751C2BAA7B00D42550 /* main.m */,
			);
			name = "Supporting Files";
			sourceTree = "<group>";
		};
		A0D2DF8D1C2BAA8600D42550 /* MasonryWithScrollviewTests */ = {
			isa = PBXGroup;
			children = (
				A0D2DF8E1C2BAA8600D42550 /* MasonryWithScrollviewTests.m */,
				A0D2DF901C2BAA8700D42550 /* Info.plist */,
			);
			path = MasonryWithScrollviewTests;
			sourceTree = "<group>";
		};
		A0D2DF981C2BAA8800D42550 /* MasonryWithScrollviewUITests */ = {
			isa = PBXGroup;
			children = (
				A0D2DF991C2BAA8800D42550 /* MasonryWithScrollviewUITests.m */,
				A0D2DF9B1C2BAA8800D42550 /* Info.plist */,
			);
			path = MasonryWithScrollviewUITests;
			sourceTree = "<group>";
		};
		CBA90BDEBD5AD8DDFAE86E16 /* Pods */ = {
			isa = PBXGroup;
			children = (
				862CC0C6EC6370A986297B7D /* Pods.debug.xcconfig */,
				7AE3C5DDB97D1EC235811C74 /* Pods.release.xcconfig */,
			);
			name = Pods;
			sourceTree = "<group>";
		};
/* End PBXGroup section */

/* Begin PBXNativeTarget section */
		A0D2DF701C2BAA7A00D42550 /* MasonryWithScrollview */ = {
			isa = PBXNativeTarget;
			buildConfigurationList = A0D2DF9E1C2BAA8800D42550 /* Build configuration list for PBXNativeTarget "MasonryWithScrollview" */;
			buildPhases = (
				4545519BD6B65F8D2EE3C734 /* Check Pods Manifest.lock */,
				A0D2DF6D1C2BAA7A00D42550 /* Sources */,
				A0D2DF6E1C2BAA7A00D42550 /* Frameworks */,
				A0D2DF6F1C2BAA7A00D42550 /* Resources */,
				9B546D3E2AF76A63563BB83E /* Embed Pods Frameworks */,
				16A62CCB50869ABB93350ADB /* Copy Pods Resources */,
			);
			buildRules = (
			);
			dependencies = (
			);
			name = MasonryWithScrollview;
			productName = MasonryWithScrollview;
			productReference = A0D2DF711C2BAA7A00D42550 /* MasonryWithScrollview.app */;
			productType = "com.apple.product-type.application";
		};
		A0D2DF891C2BAA8500D42550 /* MasonryWithScrollviewTests */ = {
			isa = PBXNativeTarget;
			buildConfigurationList = A0D2DFA11C2BAA8800D42550 /* Build configuration list for PBXNativeTarget "MasonryWithScrollviewTests" */;
			buildPhases = (
				A0D2DF861C2BAA8500D42550 /* Sources */,
				A0D2DF871C2BAA8500D42550 /* Frameworks */,
				A0D2DF881C2BAA8500D42550 /* Resources */,
			);
			buildRules = (
			);
			dependencies = (
				A0D2DF8C1C2BAA8500D42550 /* PBXTargetDependency */,
			);
			name = MasonryWithScrollviewTests;
			productName = MasonryWithScrollviewTests;
			productReference = A0D2DF8A1C2BAA8500D42550 /* MasonryWithScrollviewTests.xctest */;
			productType = "com.apple.product-type.bundle.unit-test";
		};
		A0D2DF941C2BAA8700D42550 /* MasonryWithScrollviewUITests */ = {
			isa = PBXNativeTarget;
			buildConfigurationList = A0D2DFA41C2BAA8800D42550 /* Build configuration list for PBXNativeTarget "MasonryWithScrollviewUITests" */;
			buildPhases = (
				A0D2DF911C2BAA8700D42550 /* Sources */,
				A0D2DF921C2BAA8700D42550 /* Frameworks */,
				A0D2DF931C2BAA8700D42550 /* Resources */,
			);
			buildRules = (
			);
			dependencies = (
				A0D2DF971C2BAA8700D42550 /* PBXTargetDependency */,
			);
			name = MasonryWithScrollviewUITests;
			productName = MasonryWithScrollviewUITests;
			productReference = A0D2DF951C2BAA8700D42550 /* MasonryWithScrollviewUITests.xctest */;
			productType = "com.apple.product-type.bundle.ui-testing";
		};
/* End PBXNativeTarget section */

/* Begin PBXProject section */
		A0D2DF691C2BAA7A00D42550 /* Project object */ = {
			isa = PBXProject;
			attributes = {
				LastUpgradeCheck = 0720;
				ORGANIZATIONNAME = "洪晨希";
				TargetAttributes = {
					A0D2DF701C2BAA7A00D42550 = {
						CreatedOnToolsVersion = 7.2;
					};
					A0D2DF891C2BAA8500D42550 = {
						CreatedOnToolsVersion = 7.2;
						TestTargetID = A0D2DF701C2BAA7A00D42550;
					};
					A0D2DF941C2BAA8700D42550 = {
						CreatedOnToolsVersion = 7.2;
						TestTargetID = A0D2DF701C2BAA7A00D42550;
					};
				};
			};
			buildConfigurationList = A0D2DF6C1C2BAA7A00D42550 /* Build configuration list for PBXProject "MasonryWithScrollview" */;
			compatibilityVersion = "Xcode 3.2";
			developmentRegion = English;
			hasScannedForEncodings = 0;
			knownRegions = (
				en,
				Base,
			);
			mainGroup = A0D2DF681C2BAA7A00D42550;
			productRefGroup = A0D2DF721C2BAA7A00D42550 /* Products */;
			projectDirPath = "";
			projectRoot = "";
			targets = (
				A0D2DF701C2BAA7A00D42550 /* MasonryWithScrollview */,
				A0D2DF891C2BAA8500D42550 /* MasonryWithScrollviewTests */,
				A0D2DF941C2BAA8700D42550 /* MasonryWithScrollviewUITests */,
			);
		};
/* End PBXProject section */

/* Begin PBXResourcesBuildPhase section */
		A0D2DF6F1C2BAA7A00D42550 /* Resources */ = {
			isa = PBXResourcesBuildPhase;
			buildActionMask = 2147483647;
			files = (
				A0D2DF841C2BAA8100D42550 /* LaunchScreen.storyboard in Resources */,
				A0D2DF811C2BAA8000D42550 /* Assets.xcassets in Resources */,
				A0D2DF7F1C2BAA7F00D42550 /* Main.storyboard in Resources */,
			);
			runOnlyForDeploymentPostprocessing = 0;
		};
		A0D2DF881C2BAA8500D42550 /* Resources */ = {
			isa = PBXResourcesBuildPhase;
			buildActionMask = 2147483647;
			files = (
			);
			runOnlyForDeploymentPostprocessing = 0;
		};
		A0D2DF931C2BAA8700D42550 /* Resources */ = {
			isa = PBXResourcesBuildPhase;
			buildActionMask = 2147483647;
			files = (
			);
			runOnlyForDeploymentPostprocessing = 0;
		};
/* End PBXResourcesBuildPhase section */

/* Begin PBXShellScriptBuildPhase section */
		16A62CCB50869ABB93350ADB /* Copy Pods Resources */ = {
			isa = PBXShellScriptBuildPhase;
			buildActionMask = 2147483647;
			files = (
			);
			inputPaths = (
			);
			name = "Copy Pods Resources";
			outputPaths = (
			);
			runOnlyForDeploymentPostprocessing = 0;
			shellPath = /bin/sh;
			shellScript = "\"${SRCROOT}/Pods/Target Support Files/Pods/Pods-resources.sh\"\n";
			showEnvVarsInLog = 0;
		};
		4545519BD6B65F8D2EE3C734 /* Check Pods Manifest.lock */ = {
			isa = PBXShellScriptBuildPhase;
			buildActionMask = 2147483647;
			files = (
			);
			inputPaths = (
			);
			name = "Check Pods Manifest.lock";
			outputPaths = (
			);
			runOnlyForDeploymentPostprocessing = 0;
			shellPath = /bin/sh;
			shellScript = "diff \"${PODS_ROOT}/../Podfile.lock\" \"${PODS_ROOT}/Manifest.lock\" > /dev/null\nif [[ $? != 0 ]] ; then\n    cat << EOM\nerror: The sandbox is not in sync with the Podfile.lock. Run 'pod install' or update your CocoaPods installation.\nEOM\n    exit 1\nfi\n";
			showEnvVarsInLog = 0;
		};
		9B546D3E2AF76A63563BB83E /* Embed Pods Frameworks */ = {
			isa = PBXShellScriptBuildPhase;
			buildActionMask = 2147483647;
			files = (
			);
			inputPaths = (
			);
			name = "Embed Pods Frameworks";
			outputPaths = (
			);
			runOnlyForDeploymentPostprocessing = 0;
			shellPath = /bin/sh;
			shellScript = "\"${SRCROOT}/Pods/Target Support Files/Pods/Pods-frameworks.sh\"\n";
			showEnvVarsInLog = 0;
		};
/* End PBXShellScriptBuildPhase section */

/* Begin PBXSourcesBuildPhase section */
		A0D2DF6D1C2BAA7A00D42550 /* Sources */ = {
			isa = PBXSourcesBuildPhase;
			buildActionMask = 2147483647;
			files = (
				A0D2DF7C1C2BAA7D00D42550 /* ViewController.m in Sources */,
				A0D2DF791C2BAA7C00D42550 /* AppDelegate.m in Sources */,
				A0BBCE891C3275D500CEE09D /* MasonryLearnController.m in Sources */,
				A0BBCE8D1C32806700CEE09D /* UIView+Masonry_CX.m in Sources */,
				A0D2DF761C2BAA7B00D42550 /* main.m in Sources */,
			);
			runOnlyForDeploymentPostprocessing = 0;
		};
		A0D2DF861C2BAA8500D42550 /* Sources */ = {
			isa = PBXSourcesBuildPhase;
			buildActionMask = 2147483647;
			files = (
				A0D2DF8F1C2BAA8600D42550 /* MasonryWithScrollviewTests.m in Sources */,
			);
			runOnlyForDeploymentPostprocessing = 0;
		};
		A0D2DF911C2BAA8700D42550 /* Sources */ = {
			isa = PBXSourcesBuildPhase;
			buildActionMask = 2147483647;
			files = (
				A0D2DF9A1C2BAA8800D42550 /* MasonryWithScrollviewUITests.m in Sources */,
			);
			runOnlyForDeploymentPostprocessing = 0;
		};
/* End PBXSourcesBuildPhase section */

/* Begin PBXTargetDependency section */
		A0D2DF8C1C2BAA8500D42550 /* PBXTargetDependency */ = {
			isa = PBXTargetDependency;
			target = A0D2DF701C2BAA7A00D42550 /* MasonryWithScrollview */;
			targetProxy = A0D2DF8B1C2BAA8500D42550 /* PBXContainerItemProxy */;
		};
		A0D2DF971C2BAA8700D42550 /* PBXTargetDependency */ = {
			isa = PBXTargetDependency;
			target = A0D2DF701C2BAA7A00D42550 /* MasonryWithScrollview */;
			targetProxy = A0D2DF961C2BAA8700D42550 /* PBXContainerItemProxy */;
		};
/* End PBXTargetDependency section */

/* Begin PBXVariantGroup section */
		A0D2DF7D1C2BAA7F00D42550 /* Main.storyboard */ = {
			isa = PBXVariantGroup;
			children = (
				A0D2DF7E1C2BAA7F00D42550 /* Base */,
			);
			name = Main.storyboard;
			sourceTree = "<group>";
		};
		A0D2DF821C2BAA8100D42550 /* LaunchScreen.storyboard */ = {
			isa = PBXVariantGroup;
			children = (
				A0D2DF831C2BAA8100D42550 /* Base */,
			);
			name = LaunchScreen.storyboard;
			sourceTree = "<group>";
		};
/* End PBXVariantGroup section */

/* Begin XCBuildConfiguration section */
		A0D2DF9C1C2BAA8800D42550 /* Debug */ = {
			isa = XCBuildConfiguration;
			buildSettings = {
				ALWAYS_SEARCH_USER_PATHS = NO;
				CLANG_CXX_LANGUAGE_STANDARD = "gnu++0x";
				CLANG_CXX_LIBRARY = "libc++";
				CLANG_ENABLE_MODULES = YES;
				CLANG_ENABLE_OBJC_ARC = YES;
				CLANG_WARN_BOOL_CONVERSION = YES;
				CLANG_WARN_CONSTANT_CONVERSION = YES;
				CLANG_WARN_DIRECT_OBJC_ISA_USAGE = YES_ERROR;
				CLANG_WARN_EMPTY_BODY = YES;
				CLANG_WARN_ENUM_CONVERSION = YES;
				CLANG_WARN_INT_CONVERSION = YES;
				CLANG_WARN_OBJC_ROOT_CLASS = YES_ERROR;
				CLANG_WARN_UNREACHABLE_CODE = YES;
				CLANG_WARN__DUPLICATE_METHOD_MATCH = YES;
				"CODE_SIGN_IDENTITY[sdk=iphoneos*]" = "iPhone Developer";
				COPY_PHASE_STRIP = NO;
				DEBUG_INFORMATION_FORMAT = dwarf;
				ENABLE_STRICT_OBJC_MSGSEND = YES;
				ENABLE_TESTABILITY = YES;
				GCC_C_LANGUAGE_STANDARD = gnu99;
				GCC_DYNAMIC_NO_PIC = NO;
				GCC_NO_COMMON_BLOCKS = YES;
				GCC_OPTIMIZATION_LEVEL = 0;
				GCC_PREPROCESSOR_DEFINITIONS = (
					"DEBUG=1",
					"$(inherited)",
				);
				GCC_WARN_64_TO_32_BIT_CONVERSION = YES;
				GCC_WARN_ABOUT_RETURN_TYPE = YES_ERROR;
				GCC_WARN_UNDECLARED_SELECTOR = YES;
				GCC_WARN_UNINITIALIZED_AUTOS = YES_AGGRESSIVE;
				GCC_WARN_UNUSED_FUNCTION = YES;
				GCC_WARN_UNUSED_VARIABLE = YES;
				IPHONEOS_DEPLOYMENT_TARGET = 9.2;
				MTL_ENABLE_DEBUG_INFO = YES;
				ONLY_ACTIVE_ARCH = YES;
				SDKROOT = iphoneos;
			};
			name = Debug;
		};
		A0D2DF9D1C2BAA8800D42550 /* Release */ = {
			isa = XCBuildConfiguration;
			buildSettings = {
				ALWAYS_SEARCH_USER_PATHS = NO;
				CLANG_CXX_LANGUAGE_STANDARD = "gnu++0x";
				CLANG_CXX_LIBRARY = "libc++";
				CLANG_ENABLE_MODULES = YES;
				CLANG_ENABLE_OBJC_ARC = YES;
				CLANG_WARN_BOOL_CONVERSION = YES;
				CLANG_WARN_CONSTANT_CONVERSION = YES;
				CLANG_WARN_DIRECT_OBJC_ISA_USAGE = YES_ERROR;
				CLANG_WARN_EMPTY_BODY = YES;
				CLANG_WARN_ENUM_CONVERSION = YES;
				CLANG_WARN_INT_CONVERSION = YES;
				CLANG_WARN_OBJC_ROOT_CLASS = YES_ERROR;
				CLANG_WARN_UNREACHABLE_CODE = YES;
				CLANG_WARN__DUPLICATE_METHOD_MATCH = YES;
				"CODE_SIGN_IDENTITY[sdk=iphoneos*]" = "iPhone Developer";
				COPY_PHASE_STRIP = NO;
				DEBUG_INFORMATION_FORMAT = "dwarf-with-dsym";
				ENABLE_NS_ASSERTIONS = NO;
				ENABLE_STRICT_OBJC_MSGSEND = YES;
				GCC_C_LANGUAGE_STANDARD = gnu99;
				GCC_NO_COMMON_BLOCKS = YES;
				GCC_WARN_64_TO_32_BIT_CONVERSION = YES;
				GCC_WARN_ABOUT_RETURN_TYPE = YES_ERROR;
				GCC_WARN_UNDECLARED_SELECTOR = YES;
				GCC_WARN_UNINITIALIZED_AUTOS = YES_AGGRESSIVE;
				GCC_WARN_UNUSED_FUNCTION = YES;
				GCC_WARN_UNUSED_VARIABLE = YES;
				IPHONEOS_DEPLOYMENT_TARGET = 9.2;
				MTL_ENABLE_DEBUG_INFO = NO;
				SDKROOT = iphoneos;
				VALIDATE_PRODUCT = YES;
			};
			name = Release;
		};
		A0D2DF9F1C2BAA8800D42550 /* Debug */ = {
			isa = XCBuildConfiguration;
			baseConfigurationReference = 862CC0C6EC6370A986297B7D /* Pods.debug.xcconfig */;
			buildSettings = {
				ASSETCATALOG_COMPILER_APPICON_NAME = AppIcon;
				INFOPLIST_FILE = MasonryWithScrollview/Info.plist;
				LD_RUNPATH_SEARCH_PATHS = "$(inherited) @executable_path/Frameworks";
				PRODUCT_BUNDLE_IDENTIFIER = com.ismart.MasonryWithScrollview;
				PRODUCT_NAME = "$(TARGET_NAME)";
			};
			name = Debug;
		};
		A0D2DFA01C2BAA8800D42550 /* Release */ = {
			isa = XCBuildConfiguration;
			baseConfigurationReference = 7AE3C5DDB97D1EC235811C74 /* Pods.release.xcconfig */;
			buildSettings = {
				ASSETCATALOG_COMPILER_APPICON_NAME = AppIcon;
				INFOPLIST_FILE = MasonryWithScrollview/Info.plist;
				LD_RUNPATH_SEARCH_PATHS = "$(inherited) @executable_path/Frameworks";
				PRODUCT_BUNDLE_IDENTIFIER = com.ismart.MasonryWithScrollview;
				PRODUCT_NAME = "$(TARGET_NAME)";
			};
			name = Release;
		};
		A0D2DFA21C2BAA8800D42550 /* Debug */ = {
			isa = XCBuildConfiguration;
			buildSettings = {
				BUNDLE_LOADER = "$(TEST_HOST)";
				INFOPLIST_FILE = MasonryWithScrollviewTests/Info.plist;
				LD_RUNPATH_SEARCH_PATHS = "$(inherited) @executable_path/Frameworks @loader_path/Frameworks";
				PRODUCT_BUNDLE_IDENTIFIER = com.ismart.MasonryWithScrollviewTests;
				PRODUCT_NAME = "$(TARGET_NAME)";
				TEST_HOST = "$(BUILT_PRODUCTS_DIR)/MasonryWithScrollview.app/MasonryWithScrollview";
			};
			name = Debug;
		};
		A0D2DFA31C2BAA8800D42550 /* Release */ = {
			isa = XCBuildConfiguration;
			buildSettings = {
				BUNDLE_LOADER = "$(TEST_HOST)";
				INFOPLIST_FILE = MasonryWithScrollviewTests/Info.plist;
				LD_RUNPATH_SEARCH_PATHS = "$(inherited) @executable_path/Frameworks @loader_path/Frameworks";
				PRODUCT_BUNDLE_IDENTIFIER = com.ismart.MasonryWithScrollviewTests;
				PRODUCT_NAME = "$(TARGET_NAME)";
				TEST_HOST = "$(BUILT_PRODUCTS_DIR)/MasonryWithScrollview.app/MasonryWithScrollview";
			};
			name = Release;
		};
		A0D2DFA51C2BAA8800D42550 /* Debug */ = {
			isa = XCBuildConfiguration;
			buildSettings = {
				INFOPLIST_FILE = MasonryWithScrollviewUITests/Info.plist;
				LD_RUNPATH_SEARCH_PATHS = "$(inherited) @executable_path/Frameworks @loader_path/Frameworks";
				PRODUCT_BUNDLE_IDENTIFIER = com.ismart.MasonryWithScrollviewUITests;
				PRODUCT_NAME = "$(TARGET_NAME)";
				TEST_TARGET_NAME = MasonryWithScrollview;
				USES_XCTRUNNER = YES;
			};
			name = Debug;
		};
		A0D2DFA61C2BAA8800D42550 /* Release */ = {
			isa = XCBuildConfiguration;
			buildSettings = {
				INFOPLIST_FILE = MasonryWithScrollviewUITests/Info.plist;
				LD_RUNPATH_SEARCH_PATHS = "$(inherited) @executable_path/Frameworks @loader_path/Frameworks";
				PRODUCT_BUNDLE_IDENTIFIER = com.ismart.MasonryWithScrollviewUITests;
				PRODUCT_NAME = "$(TARGET_NAME)";
				TEST_TARGET_NAME = MasonryWithScrollview;
				USES_XCTRUNNER = YES;
			};
			name = Release;
		};
/* End XCBuildConfiguration section */

/* Begin XCConfigurationList section */
		A0D2DF6C1C2BAA7A00D42550 /* Build configuration list for PBXProject "MasonryWithScrollview" */ = {
			isa = XCConfigurationList;
			buildConfigurations = (
				A0D2DF9C1C2BAA8800D42550 /* Debug */,
				A0D2DF9D1C2BAA8800D42550 /* Release */,
			);
			defaultConfigurationIsVisible = 0;
			defaultConfigurationName = Release;
		};
		A0D2DF9E1C2BAA8800D42550 /* Build configuration list for PBXNativeTarget "MasonryWithScrollview" */ = {
			isa = XCConfigurationList;
			buildConfigurations = (
				A0D2DF9F1C2BAA8800D42550 /* Debug */,
				A0D2DFA01C2BAA8800D42550 /* Release */,
			);
			defaultConfigurationIsVisible = 0;
			defaultConfigurationName = Release;
		};
		A0D2DFA11C2BAA8800D42550 /* Build configuration list for PBXNativeTarget "MasonryWithScrollviewTests" */ = {
			isa = XCConfigurationList;
			buildConfigurations = (
				A0D2DFA21C2BAA8800D42550 /* Debug */,
				A0D2DFA31C2BAA8800D42550 /* Release */,
			);
			defaultConfigurationIsVisible = 0;
			defaultConfigurationName = Release;
		};
		A0D2DFA41C2BAA8800D42550 /* Build configuration list for PBXNativeTarget "MasonryWithScrollviewUITests" */ = {
			isa = XCConfigurationList;
			buildConfigurations = (
				A0D2DFA51C2BAA8800D42550 /* Debug */,
				A0D2DFA61C2BAA8800D42550 /* Release */,
			);
			defaultConfigurationIsVisible = 0;
			defaultConfigurationName = Release;
		};
/* End XCConfigurationList section */
	};
	rootObject = A0D2DF691C2BAA7A00D42550 /* Project object */;
}
